<?xml version="1.0" encoding="utf-8"?>
<Project ToolsVersion="4.0" xmlns="http://schemas.microsoft.com/developer/msbuild/2003">
  <ItemGroup>
    <ClCompile Include="Source\stdafx.c" />
    <ClCompile Include="Source\LevelTable.c">
      <Filter>Engine\Levels</Filter>
    </ClCompile>
    <ClCompile Include="Source\LevelManager.c">
      <Filter>Engine\Levels</Filter>
    </ClCompile>
    <ClCompile Include="Source\Level1.c">
      <Filter>Game\Levels</Filter>
    </ClCompile>
    <ClCompile Include="Source\LevelStub.c">
      <Filter>Game\Levels</Filter>
    </ClCompile>
    <ClCompile Include="Source\ImageHandler.c">
      <Filter>Engine\Handlers</Filter>
    </ClCompile>
    <ClCompile Include="Source\MeshHandler.c">
      <Filter>Engine\Handlers</Filter>
    </ClCompile>
    <ClCompile Include="Source\ObjectManager.c">
      <Filter>Engine\Objects</Filter>
    </ClCompile>
    <ClCompile Include="Source\Vector.c">
      <Filter>Engine</Filter>
    </ClCompile>
    <ClCompile Include="Source\ExampleObj.c">
      <Filter>Game\Objects</Filter>
    </ClCompile>
    <ClCompile Include="Source\Main.c">
      <Filter>Game</Filter>
    </ClCompile>
    <ClCompile Include="Source\InputHandler.c">
      <Filter>Engine\Handlers</Filter>
    </ClCompile>
    <ClCompile Include="Source\Leaderboard.c">
      <Filter>Game</Filter>
    </ClCompile>
    <ClCompile Include="Source\TitleScreen.c">
      <Filter>Game\Levels</Filter>
    </ClCompile>
    <ClCompile Include="source\Boulder.c">
      <Filter>Game\Objects\Obstacles</Filter>
    </ClCompile>
    <ClCompile Include="Source\Object.c">
      <Filter>Engine\Objects</Filter>
    </ClCompile>
    <ClCompile Include="Source\Camera.c">
      <Filter>Engine\Objects\Camera</Filter>
    </ClCompile>
    <ClCompile Include="Source\Button.c">
      <Filter>Game\Objects</Filter>
    </ClCompile>
    <ClCompile Include="Source\CollisionEvents.c" />
    <ClCompile Include="Source\CollisionHandler.c" />
    <ClCompile Include="Source\Level2.c">
      <Filter>Game\Levels</Filter>
    </ClCompile>
    <ClCompile Include="Source\CollisionEvents.c">
      <Filter>Engine\Collisions</Filter>
    </ClCompile>
    <ClCompile Include="Source\CollisionHandler.c">
      <Filter>Engine\Collisions</Filter>
    </ClCompile>
    <ClCompile Include="source\Player.c">
      <Filter>Game\Objects</Filter>
    </ClCompile>
    <ClCompile Include="Source\Map.c">
      <Filter>Game</Filter>
    </ClCompile>
  </ItemGroup>
  <ItemGroup>
    <ClInclude Include="Source\stdafx.h" />
    <ClInclude Include="Source\LevelManager.h">
      <Filter>Engine\Levels</Filter>
    </ClInclude>
    <ClInclude Include="Source\LevelTable.h">
      <Filter>Engine\Levels</Filter>
    </ClInclude>
    <ClInclude Include="Source\Level1.h">
      <Filter>Game\Levels</Filter>
    </ClInclude>
    <ClInclude Include="Source\LevelStub.h">
      <Filter>Game\Levels</Filter>
    </ClInclude>
    <ClInclude Include="Source\ImageHandler.h">
      <Filter>Engine\Handlers</Filter>
    </ClInclude>
    <ClInclude Include="Source\MeshHandler.h">
      <Filter>Engine\Handlers</Filter>
    </ClInclude>
    <ClInclude Include="Source\Object.h">
      <Filter>Engine\Objects</Filter>
    </ClInclude>
    <ClInclude Include="Source\ObjectManager.h">
      <Filter>Engine\Objects</Filter>
    </ClInclude>
    <ClInclude Include="Source\Vector.h">
      <Filter>Engine</Filter>
    </ClInclude>
    <ClInclude Include="Source\ExampleObj.h">
      <Filter>Game\Objects</Filter>
    </ClInclude>
    <ClInclude Include="Source\InputHandler.h">
      <Filter>Engine\Handlers</Filter>
    </ClInclude>
    <ClInclude Include="Source\Leaderboard.h">
      <Filter>Game</Filter>
    </ClInclude>
    <ClInclude Include="Source\TitleScreen.h">
      <Filter>Game\Levels</Filter>
    </ClInclude>
    <ClInclude Include="Source\Camera.h">
      <Filter>Engine\Objects\Camera</Filter>
    </ClInclude>
    <ClInclude Include="Source\Button.h">
      <Filter>Game\Objects</Filter>
    </ClInclude>
    <ClInclude Include="source\Boulder.h">
      <Filter>Game\Objects\Obstacles</Filter>
    </ClInclude>
    <ClInclude Include="source\Map.h">
      <Filter>Game</Filter>
    </ClInclude>
    <ClInclude Include="source\Ice.h">
      <Filter>Game\Objects\Obstacles</Filter>
    </ClInclude>
    <ClInclude Include="Source\CollisionHandler.h" />
    <ClInclude Include="Source\Level2.h">
      <Filter>Game\Levels</Filter>
    </ClInclude>
    <ClInclude Include="Source\CollisionHandler.h">
      <Filter>Engine\Collisions</Filter>
    </ClInclude>
    <ClInclude Include="ObstacleManager.h">
      <Filter>Game</Filter>
    </ClInclude>
    <ClInclude Include="Source\Player.h">
      <Filter>Game\Objects</Filter>
    </ClInclude>
  </ItemGroup>
  <ItemGroup>
    <Filter Include="Game">
      <UniqueIdentifier>{739494f8-624e-49f8-98b3-b294a7652967}</UniqueIdentifier>
    </Filter>
    <Filter Include="Engine">
      <UniqueIdentifier>{27443241-f732-4181-9750-5c69ccc4403e}</UniqueIdentifier>
    </Filter>
    <Filter Include="Engine\Levels">
      <UniqueIdentifier>{2a887908-ae02-4a2a-bb39-8297fcb9a2e6}</UniqueIdentifier>
    </Filter>
    <Filter Include="Game\Levels">
      <UniqueIdentifier>{4998fbab-585f-47f9-9372-5c617d3a4e6f}</UniqueIdentifier>
    </Filter>
    <Filter Include="Engine\Objects">
      <UniqueIdentifier>{1ff97164-15c8-487a-af33-d2ee0ca946ee}</UniqueIdentifier>
    </Filter>
    <Filter Include="Game\Objects">
      <UniqueIdentifier>{c88643f4-1bbc-4ab2-a17c-5fabb5a820d5}</UniqueIdentifier>
    </Filter>
    <Filter Include="Engine\Handlers">
      <UniqueIdentifier>{ca319c28-e82c-4b26-96e6-2daa2e3cdd3d}</UniqueIdentifier>
    </Filter>
    <Filter Include="Engine\Objects\Camera">
      <UniqueIdentifier>{083f4d94-0cb7-4652-b5b1-8863e161c98e}</UniqueIdentifier>
    </Filter>
    <Filter Include="Game\Objects\Obstacles">
      <UniqueIdentifier>{400eb312-5a45-4588-a662-33ad57a8ff59}</UniqueIdentifier>
    </Filter>
    <Filter Include="Engine\Collisions">
      <UniqueIdentifier>{70303c5b-c750-41c6-a6ab-78044851b966}</UniqueIdentifier>
    </Filter>
  </ItemGroup>
</Project>