<?xml version="1.0" encoding="utf-8"?>
<Project ToolsVersion="4.0" xmlns="http://schemas.microsoft.com/developer/msbuild/2003">
  <ItemGroup>
    <ClCompile Include="Source\stdafx.c" />
    <ClCompile Include="Source\main.c">
      <Filter>Game</Filter>
    </ClCompile>
  </ItemGroup>
  <ItemGroup>
    <ClInclude Include="Source\stdafx.h" />
  </ItemGroup>
  <ItemGroup>
    <Filter Include="Game">
      <UniqueIdentifier>{739494f8-624e-49f8-98b3-b294a7652967}</UniqueIdentifier>
    </Filter>
    <Filter Include="Engine">
      <UniqueIdentifier>{27443241-f732-4181-9750-5c69ccc4403e}</UniqueIdentifier>
    </Filter>
  </ItemGroup>
</Project>